{
  "name": "netlify-functions",
  "version": "1.0.0",
  "lockfileVersion": 2,
  "requires": true,
  "packages": {
    "": {
      "name": "netlify-functions",
      "version": "1.0.0",
      "dependencies": {
        "nodemailer": "^6.9.8"
      }
    },
    "node_modules/nodemailer": {
      "version": "6.9.8",
      "resolved": "https://registry.npmjs.org/nodemailer/-/nodemailer-6.9.8.tgz",
      "integrity": "sha512-cfrYUk16nE5rWJMpq/LkEn3hgxm7+RjlTftQgX8W7Y/8xPG5UWBS9wt+nfD5V6A8VdWIZb1TdWMfZWZPJe3hCQ==",
      "engines": {
        "node": ">=6.0"
      }
    }
  },
  "dependencies": {
    "nodemailer": {
      "version": "6.9.8",
      "resolved": "https://registry.npmjs.org/nodemailer/-/nodemailer-6.9.8.tgz",
      "integrity": "sha512-cfrYUk16nE5rWJMpq/LkEn3hgxm7+RjlTftQgX8W7Y/8xPG5UWBS9wt+nfD5V6A8VdWIZb1TdWMfZWZPJe3hCQ=="
    }
  }
}